// !$*UTF8*$!
{
	archiveVersion = 1;
	classes = {
	};
	objectVersion = 50;
	objects = {

/* Begin PBXBuildFile section */
		BC75250D25FCF47000E9CD08 /* Stack.swift in Sources */ = {isa = PBXBuildFile; fileRef = BC75250C25FCF47000E9CD08 /* Stack.swift */; };
		BC83D27026006EC9004875B9 /* QueueV2.swift in Sources */ = {isa = PBXBuildFile; fileRef = BC83D26F26006EC9004875B9 /* QueueV2.swift */; };
		BC83D27426007BB4004875B9 /* Deque.swift in Sources */ = {isa = PBXBuildFile; fileRef = BC83D27326007BB4004875B9 /* Deque.swift */; };
		BC83D27826007E1F004875B9 /* DequeV2.swift in Sources */ = {isa = PBXBuildFile; fileRef = BC83D27726007E1F004875B9 /* DequeV2.swift */; };
		BC9FF31F25FA531200F5712D /* main.swift in Sources */ = {isa = PBXBuildFile; fileRef = BC9FF31E25FA531200F5712D /* main.swift */; };
		BC9FF32725FA581700F5712D /* Node.swift in Sources */ = {isa = PBXBuildFile; fileRef = BC9FF32625FA581700F5712D /* Node.swift */; };
		BC9FF32A25FA5AF600F5712D /* LinkedList.swift in Sources */ = {isa = PBXBuildFile; fileRef = BC9FF32925FA5AF600F5712D /* LinkedList.swift */; };
		BCAC83F226023C3C00F6A7FE /* InsertionSort.swift in Sources */ = {isa = PBXBuildFile; fileRef = BCAC83F126023C3C00F6A7FE /* InsertionSort.swift */; };
		BCAC83F626023FA200F6A7FE /* InsetionSortV2.swift in Sources */ = {isa = PBXBuildFile; fileRef = BCAC83F526023FA200F6A7FE /* InsetionSortV2.swift */; };
		BCAC83F92602415300F6A7FE /* InsertionSortV3.swift in Sources */ = {isa = PBXBuildFile; fileRef = BCAC83F82602415300F6A7FE /* InsertionSortV3.swift */; };
		BCAC83FD2602454800F6A7FE /* BinarySearch.swift in Sources */ = {isa = PBXBuildFile; fileRef = BCAC83FC2602454800F6A7FE /* BinarySearch.swift */; };
		BCAC840026024A3300F6A7FE /* BinarySearchV2.swift in Sources */ = {isa = PBXBuildFile; fileRef = BCAC83FF26024A3300F6A7FE /* BinarySearchV2.swift */; };
		BCBA7E5425FE550C00EBDCC4 /* Queue.swift in Sources */ = {isa = PBXBuildFile; fileRef = BCBA7E5325FE550C00EBDCC4 /* Queue.swift */; };
		BCBA7E5D25FE565500EBDCC4 /* QueueArray.swift in Sources */ = {isa = PBXBuildFile; fileRef = BCBA7E5C25FE565500EBDCC4 /* QueueArray.swift */; };
/* End PBXBuildFile section */

/* Begin PBXCopyFilesBuildPhase section */
		BC9FF31925FA531200F5712D /* CopyFiles */ = {
			isa = PBXCopyFilesBuildPhase;
			buildActionMask = 2147483647;
			dstPath = /usr/share/man/man1/;
			dstSubfolderSpec = 0;
			files = (
			);
			runOnlyForDeploymentPostprocessing = 1;
		};
/* End PBXCopyFilesBuildPhase section */

/* Begin PBXFileReference section */
		BC75250C25FCF47000E9CD08 /* Stack.swift */ = {isa = PBXFileReference; lastKnownFileType = sourcecode.swift; path = Stack.swift; sourceTree = "<group>"; };
		BC83D26F26006EC9004875B9 /* QueueV2.swift */ = {isa = PBXFileReference; lastKnownFileType = sourcecode.swift; path = QueueV2.swift; sourceTree = "<group>"; };
		BC83D27326007BB4004875B9 /* Deque.swift */ = {isa = PBXFileReference; lastKnownFileType = sourcecode.swift; path = Deque.swift; sourceTree = "<group>"; };
		BC83D27726007E1F004875B9 /* DequeV2.swift */ = {isa = PBXFileReference; lastKnownFileType = sourcecode.swift; path = DequeV2.swift; sourceTree = "<group>"; };
		BC9FF31B25FA531200F5712D /* AlgorithmInSwift */ = {isa = PBXFileReference; explicitFileType = "compiled.mach-o.executable"; includeInIndex = 0; path = AlgorithmInSwift; sourceTree = BUILT_PRODUCTS_DIR; };
		BC9FF31E25FA531200F5712D /* main.swift */ = {isa = PBXFileReference; lastKnownFileType = sourcecode.swift; path = main.swift; sourceTree = "<group>"; };
		BC9FF32625FA581700F5712D /* Node.swift */ = {isa = PBXFileReference; lastKnownFileType = sourcecode.swift; path = Node.swift; sourceTree = "<group>"; };
		BC9FF32925FA5AF600F5712D /* LinkedList.swift */ = {isa = PBXFileReference; lastKnownFileType = sourcecode.swift; path = LinkedList.swift; sourceTree = "<group>"; };
		BCAC83F126023C3C00F6A7FE /* InsertionSort.swift */ = {isa = PBXFileReference; lastKnownFileType = sourcecode.swift; path = InsertionSort.swift; sourceTree = "<group>"; };
		BCAC83F526023FA200F6A7FE /* InsetionSortV2.swift */ = {isa = PBXFileReference; lastKnownFileType = sourcecode.swift; path = InsetionSortV2.swift; sourceTree = "<group>"; };
		BCAC83F82602415300F6A7FE /* InsertionSortV3.swift */ = {isa = PBXFileReference; lastKnownFileType = sourcecode.swift; path = InsertionSortV3.swift; sourceTree = "<group>"; };
		BCAC83FC2602454800F6A7FE /* BinarySearch.swift */ = {isa = PBXFileReference; lastKnownFileType = sourcecode.swift; path = BinarySearch.swift; sourceTree = "<group>"; };
		BCAC83FF26024A3300F6A7FE /* BinarySearchV2.swift */ = {isa = PBXFileReference; lastKnownFileType = sourcecode.swift; path = BinarySearchV2.swift; sourceTree = "<group>"; };
		BCBA7E5325FE550C00EBDCC4 /* Queue.swift */ = {isa = PBXFileReference; lastKnownFileType = sourcecode.swift; path = Queue.swift; sourceTree = "<group>"; };
		BCBA7E5C25FE565500EBDCC4 /* QueueArray.swift */ = {isa = PBXFileReference; lastKnownFileType = sourcecode.swift; path = QueueArray.swift; sourceTree = "<group>"; };
/* End PBXFileReference section */

/* Begin PBXFrameworksBuildPhase section */
		BC9FF31825FA531200F5712D /* Frameworks */ = {
			isa = PBXFrameworksBuildPhase;
			buildActionMask = 2147483647;
			files = (
			);
			runOnlyForDeploymentPostprocessing = 0;
		};
/* End PBXFrameworksBuildPhase section */

/* Begin PBXGroup section */
		BC83D27226007B64004875B9 /* Deque */ = {
			isa = PBXGroup;
			children = (
				BC83D27326007BB4004875B9 /* Deque.swift */,
				BC83D27726007E1F004875B9 /* DequeV2.swift */,
			);
			path = Deque;
			sourceTree = "<group>";
		};
		BC9FF31225FA531200F5712D = {
			isa = PBXGroup;
			children = (
				BC9FF31D25FA531200F5712D /* AlgorithmInSwift */,
				BC9FF31C25FA531200F5712D /* Products */,
			);
			sourceTree = "<group>";
		};
		BC9FF31C25FA531200F5712D /* Products */ = {
			isa = PBXGroup;
			children = (
				BC9FF31B25FA531200F5712D /* AlgorithmInSwift */,
			);
			name = Products;
			sourceTree = "<group>";
		};
		BC9FF31D25FA531200F5712D /* AlgorithmInSwift */ = {
			isa = PBXGroup;
			children = (
				BC9FF31E25FA531200F5712D /* main.swift */,
				BCAC83FB260243BF00F6A7FE /* Binary Search */,
				BCAC83F0260239C200F6A7FE /* Insertion Sort */,
				BC83D27226007B64004875B9 /* Deque */,
				BCBA7E5625FE562A00EBDCC4 /* Queue */,
				BCBA7E5825FE563300EBDCC4 /* Stack */,
				BCBA7E5A25FE563900EBDCC4 /* Linked List */,
			);
			path = AlgorithmInSwift;
			sourceTree = "<group>";
		};
		BCAC83F0260239C200F6A7FE /* Insertion Sort */ = {
			isa = PBXGroup;
			children = (
				BCAC83F126023C3C00F6A7FE /* InsertionSort.swift */,
				BCAC83F526023FA200F6A7FE /* InsetionSortV2.swift */,
				BCAC83F82602415300F6A7FE /* InsertionSortV3.swift */,
			);
			path = "Insertion Sort";
			sourceTree = "<group>";
		};
		BCAC83FB260243BF00F6A7FE /* Binary Search */ = {
			isa = PBXGroup;
			children = (
				BCAC83FC2602454800F6A7FE /* BinarySearch.swift */,
				BCAC83FF26024A3300F6A7FE /* BinarySearchV2.swift */,
			);
			path = "Binary Search";
			sourceTree = "<group>";
		};
		BCBA7E5625FE562A00EBDCC4 /* Queue */ = {
			isa = PBXGroup;
			children = (
				BCBA7E5325FE550C00EBDCC4 /* Queue.swift */,
				BCBA7E5C25FE565500EBDCC4 /* QueueArray.swift */,
				BC83D26F26006EC9004875B9 /* QueueV2.swift */,
			);
			path = Queue;
			sourceTree = "<group>";
		};
		BCBA7E5825FE563300EBDCC4 /* Stack */ = {
			isa = PBXGroup;
			children = (
				BC75250C25FCF47000E9CD08 /* Stack.swift */,
			);
			path = Stack;
			sourceTree = "<group>";
		};
		BCBA7E5A25FE563900EBDCC4 /* Linked List */ = {
			isa = PBXGroup;
			children = (
				BC9FF32625FA581700F5712D /* Node.swift */,
				BC9FF32925FA5AF600F5712D /* LinkedList.swift */,
			);
			path = "Linked List";
			sourceTree = "<group>";
		};
/* End PBXGroup section */

/* Begin PBXNativeTarget section */
		BC9FF31A25FA531200F5712D /* AlgorithmInSwift */ = {
			isa = PBXNativeTarget;
			buildConfigurationList = BC9FF32225FA531200F5712D /* Build configuration list for PBXNativeTarget "AlgorithmInSwift" */;
			buildPhases = (
				BC9FF31725FA531200F5712D /* Sources */,
				BC9FF31825FA531200F5712D /* Frameworks */,
				BC9FF31925FA531200F5712D /* CopyFiles */,
			);
			buildRules = (
			);
			dependencies = (
			);
			name = AlgorithmInSwift;
			productName = AlgorithmInSwift;
			productReference = BC9FF31B25FA531200F5712D /* AlgorithmInSwift */;
			productType = "com.apple.product-type.tool";
		};
/* End PBXNativeTarget section */

/* Begin PBXProject section */
		BC9FF31325FA531200F5712D /* Project object */ = {
			isa = PBXProject;
			attributes = {
				LastSwiftUpdateCheck = 1240;
				LastUpgradeCheck = 1240;
				TargetAttributes = {
					BC9FF31A25FA531200F5712D = {
						CreatedOnToolsVersion = 12.4;
					};
				};
			};
			buildConfigurationList = BC9FF31625FA531200F5712D /* Build configuration list for PBXProject "AlgorithmInSwift" */;
			compatibilityVersion = "Xcode 9.3";
			developmentRegion = en;
			hasScannedForEncodings = 0;
			knownRegions = (
				en,
				Base,
			);
			mainGroup = BC9FF31225FA531200F5712D;
			productRefGroup = BC9FF31C25FA531200F5712D /* Products */;
			projectDirPath = "";
			projectRoot = "";
			targets = (
				BC9FF31A25FA531200F5712D /* AlgorithmInSwift */,
			);
		};
/* End PBXProject section */

/* Begin PBXSourcesBuildPhase section */
		BC9FF31725FA531200F5712D /* Sources */ = {
			isa = PBXSourcesBuildPhase;
			buildActionMask = 2147483647;
			files = (
				BCAC840026024A3300F6A7FE /* BinarySearchV2.swift in Sources */,
				BCBA7E5425FE550C00EBDCC4 /* Queue.swift in Sources */,
				BCAC83FD2602454800F6A7FE /* BinarySearch.swift in Sources */,
				BCAC83F226023C3C00F6A7FE /* InsertionSort.swift in Sources */,
				BC75250D25FCF47000E9CD08 /* Stack.swift in Sources */,
				BC83D27426007BB4004875B9 /* Deque.swift in Sources */,
				BCAC83F92602415300F6A7FE /* InsertionSortV3.swift in Sources */,
				BC9FF32A25FA5AF600F5712D /* LinkedList.swift in Sources */,
				BC83D27826007E1F004875B9 /* DequeV2.swift in Sources */,
				BCAC83F626023FA200F6A7FE /* InsetionSortV2.swift in Sources */,
				BCBA7E5D25FE565500EBDCC4 /* QueueArray.swift in Sources */,
				BC83D27026006EC9004875B9 /* QueueV2.swift in Sources */,
				BC9FF31F25FA531200F5712D /* main.swift in Sources */,
				BC9FF32725FA581700F5712D /* Node.swift in Sources */,
			);
			runOnlyForDeploymentPostprocessing = 0;
		};
/* End PBXSourcesBuildPhase section */

/* Begin XCBuildConfiguration section */
		BC9FF32025FA531200F5712D /* Debug */ = {
			isa = XCBuildConfiguration;
			buildSettings = {
				ALWAYS_SEARCH_USER_PATHS = NO;
				CLANG_ANALYZER_NONNULL = YES;
				CLANG_ANALYZER_NUMBER_OBJECT_CONVERSION = YES_AGGRESSIVE;
				CLANG_CXX_LANGUAGE_STANDARD = "gnu++14";
				CLANG_CXX_LIBRARY = "libc++";
				CLANG_ENABLE_MODULES = YES;
				CLANG_ENABLE_OBJC_ARC = YES;
				CLANG_ENABLE_OBJC_WEAK = YES;
				CLANG_WARN_BLOCK_CAPTURE_AUTORELEASING = YES;
				CLANG_WARN_BOOL_CONVERSION = YES;
				CLANG_WARN_COMMA = YES;
				CLANG_WARN_CONSTANT_CONVERSION = YES;
				CLANG_WARN_DEPRECATED_OBJC_IMPLEMENTATIONS = YES;
				CLANG_WARN_DIRECT_OBJC_ISA_USAGE = YES_ERROR;
				CLANG_WARN_DOCUMENTATION_COMMENTS = YES;
				CLANG_WARN_EMPTY_BODY = YES;
				CLANG_WARN_ENUM_CONVERSION = YES;
				CLANG_WARN_INFINITE_RECURSION = YES;
				CLANG_WARN_INT_CONVERSION = YES;
				CLANG_WARN_NON_LITERAL_NULL_CONVERSION = YES;
				CLANG_WARN_OBJC_IMPLICIT_RETAIN_SELF = YES;
				CLANG_WARN_OBJC_LITERAL_CONVERSION = YES;
				CLANG_WARN_OBJC_ROOT_CLASS = YES_ERROR;
				CLANG_WARN_QUOTED_INCLUDE_IN_FRAMEWORK_HEADER = YES;
				CLANG_WARN_RANGE_LOOP_ANALYSIS = YES;
				CLANG_WARN_STRICT_PROTOTYPES = YES;
				CLANG_WARN_SUSPICIOUS_MOVE = YES;
				CLANG_WARN_UNGUARDED_AVAILABILITY = YES_AGGRESSIVE;
				CLANG_WARN_UNREACHABLE_CODE = YES;
				CLANG_WARN__DUPLICATE_METHOD_MATCH = YES;
				COPY_PHASE_STRIP = NO;
				DEBUG_INFORMATION_FORMAT = dwarf;
				ENABLE_STRICT_OBJC_MSGSEND = YES;
				ENABLE_TESTABILITY = YES;
				GCC_C_LANGUAGE_STANDARD = gnu11;
				GCC_DYNAMIC_NO_PIC = NO;
				GCC_NO_COMMON_BLOCKS = YES;
				GCC_OPTIMIZATION_LEVEL = 0;
				GCC_PREPROCESSOR_DEFINITIONS = (
					"DEBUG=1",
					"$(inherited)",
				);
				GCC_WARN_64_TO_32_BIT_CONVERSION = YES;
				GCC_WARN_ABOUT_RETURN_TYPE = YES_ERROR;
				GCC_WARN_UNDECLARED_SELECTOR = YES;
				GCC_WARN_UNINITIALIZED_AUTOS = YES_AGGRESSIVE;
				GCC_WARN_UNUSED_FUNCTION = YES;
				GCC_WARN_UNUSED_VARIABLE = YES;
				MACOSX_DEPLOYMENT_TARGET = 11.1;
				MTL_ENABLE_DEBUG_INFO = INCLUDE_SOURCE;
				MTL_FAST_MATH = YES;
				ONLY_ACTIVE_ARCH = YES;
				SDKROOT = macosx;
				SWIFT_ACTIVE_COMPILATION_CONDITIONS = DEBUG;
				SWIFT_OPTIMIZATION_LEVEL = "-Onone";
			};
			name = Debug;
		};
		BC9FF32125FA531200F5712D /* Release */ = {
			isa = XCBuildConfiguration;
			buildSettings = {
				ALWAYS_SEARCH_USER_PATHS = NO;
				CLANG_ANALYZER_NONNULL = YES;
				CLANG_ANALYZER_NUMBER_OBJECT_CONVERSION = YES_AGGRESSIVE;
				CLANG_CXX_LANGUAGE_STANDARD = "gnu++14";
				CLANG_CXX_LIBRARY = "libc++";
				CLANG_ENABLE_MODULES = YES;
				CLANG_ENABLE_OBJC_ARC = YES;
				CLANG_ENABLE_OBJC_WEAK = YES;
				CLANG_WARN_BLOCK_CAPTURE_AUTORELEASING = YES;
				CLANG_WARN_BOOL_CONVERSION = YES;
				CLANG_WARN_COMMA = YES;
				CLANG_WARN_CONSTANT_CONVERSION = YES;
				CLANG_WARN_DEPRECATED_OBJC_IMPLEMENTATIONS = YES;
				CLANG_WARN_DIRECT_OBJC_ISA_USAGE = YES_ERROR;
				CLANG_WARN_DOCUMENTATION_COMMENTS = YES;
				CLANG_WARN_EMPTY_BODY = YES;
				CLANG_WARN_ENUM_CONVERSION = YES;
				CLANG_WARN_INFINITE_RECURSION = YES;
				CLANG_WARN_INT_CONVERSION = YES;
				CLANG_WARN_NON_LITERAL_NULL_CONVERSION = YES;
				CLANG_WARN_OBJC_IMPLICIT_RETAIN_SELF = YES;
				CLANG_WARN_OBJC_LITERAL_CONVERSION = YES;
				CLANG_WARN_OBJC_ROOT_CLASS = YES_ERROR;
				CLANG_WARN_QUOTED_INCLUDE_IN_FRAMEWORK_HEADER = YES;
				CLANG_WARN_RANGE_LOOP_ANALYSIS = YES;
				CLANG_WARN_STRICT_PROTOTYPES = YES;
				CLANG_WARN_SUSPICIOUS_MOVE = YES;
				CLANG_WARN_UNGUARDED_AVAILABILITY = YES_AGGRESSIVE;
				CLANG_WARN_UNREACHABLE_CODE = YES;
				CLANG_WARN__DUPLICATE_METHOD_MATCH = YES;
				COPY_PHASE_STRIP = NO;
				DEBUG_INFORMATION_FORMAT = "dwarf-with-dsym";
				ENABLE_NS_ASSERTIONS = NO;
				ENABLE_STRICT_OBJC_MSGSEND = YES;
				GCC_C_LANGUAGE_STANDARD = gnu11;
				GCC_NO_COMMON_BLOCKS = YES;
				GCC_WARN_64_TO_32_BIT_CONVERSION = YES;
				GCC_WARN_ABOUT_RETURN_TYPE = YES_ERROR;
				GCC_WARN_UNDECLARED_SELECTOR = YES;
				GCC_WARN_UNINITIALIZED_AUTOS = YES_AGGRESSIVE;
				GCC_WARN_UNUSED_FUNCTION = YES;
				GCC_WARN_UNUSED_VARIABLE = YES;
				MACOSX_DEPLOYMENT_TARGET = 11.1;
				MTL_ENABLE_DEBUG_INFO = NO;
				MTL_FAST_MATH = YES;
				SDKROOT = macosx;
				SWIFT_COMPILATION_MODE = wholemodule;
				SWIFT_OPTIMIZATION_LEVEL = "-O";
			};
			name = Release;
		};
		BC9FF32325FA531200F5712D /* Debug */ = {
			isa = XCBuildConfiguration;
			buildSettings = {
				CODE_SIGN_STYLE = Automatic;
				DEVELOPMENT_TEAM = UL264WB4Z5;
				ENABLE_HARDENED_RUNTIME = YES;
				PRODUCT_NAME = "$(TARGET_NAME)";
				SWIFT_VERSION = 5.0;
			};
			name = Debug;
		};
		BC9FF32425FA531200F5712D /* Release */ = {
			isa = XCBuildConfiguration;
			buildSettings = {
				CODE_SIGN_STYLE = Automatic;
				DEVELOPMENT_TEAM = UL264WB4Z5;
				ENABLE_HARDENED_RUNTIME = YES;
				PRODUCT_NAME = "$(TARGET_NAME)";
				SWIFT_VERSION = 5.0;
			};
			name = Release;
		};
/* End XCBuildConfiguration section */

/* Begin XCConfigurationList section */
		BC9FF31625FA531200F5712D /* Build configuration list for PBXProject "AlgorithmInSwift" */ = {
			isa = XCConfigurationList;
			buildConfigurations = (
				BC9FF32025FA531200F5712D /* Debug */,
				BC9FF32125FA531200F5712D /* Release */,
			);
			defaultConfigurationIsVisible = 0;
			defaultConfigurationName = Release;
		};
		BC9FF32225FA531200F5712D /* Build configuration list for PBXNativeTarget "AlgorithmInSwift" */ = {
			isa = XCConfigurationList;
			buildConfigurations = (
				BC9FF32325FA531200F5712D /* Debug */,
				BC9FF32425FA531200F5712D /* Release */,
			);
			defaultConfigurationIsVisible = 0;
			defaultConfigurationName = Release;
		};
/* End XCConfigurationList section */
	};
	rootObject = BC9FF31325FA531200F5712D /* Project object */;
}
